
Microsoft Visual Studio Solution File, Format Version 12.00
# Visual Studio 15
VisualStudioVersion = 15.0.26730.12
MinimumVisualStudioVersion = 10.0.40219.1
Project("{FAE04EC0-301F-11D3-BF4B-00C04F79EFBC}") = "howto_select_image_rectangle", "howto_select_image_rectangle.csproj", "{46D4ADDC-632E-4217-94D3-AC5E1555678C}"
EndProject
Global
	GlobalSection(SolutionConfigurationPlatforms) = preSolution
		Debug|Any CPU = Debug|Any CPU
		Release|Any CPU = Release|Any CPU
	EndGlobalSection
	GlobalSection(ProjectConfigurationPlatforms) = postSolution
		{46D4ADDC-632E-4217-94D3-AC5E1555678C}.Debug|Any CPU.ActiveCfg = Debug|Any CPU
		{46D4ADDC-632E-4217-94D3-AC5E1555678C}.Debug|Any CPU.Build.0 = Debug|Any CPU
		{46D4ADDC-632E-4217-94D3-AC5E1555678C}.Release|Any CPU.ActiveCfg = Release|Any CPU
		{46D4ADDC-632E-4217-94D3-AC5E1555678C}.Release|Any CPU.Build.0 = Release|Any CPU
	EndGlobalSection
	GlobalSection(SolutionProperties) = preSolution
		HideSolutionNode = FALSE
	EndGlobalSection
	GlobalSection(ExtensibilityGlobals) = postSolution
		SolutionGuid = {C0F2B00F-0466-485A-A3DC-C2C2B5D8CB94}
	EndGlobalSection
EndGlobal
